hash: d9e24c2275378f7c54ee0d653f428ba4cd6f6b7ed49f5d402c0b7342a6314463
updated: 2017-07-06T13:51:51.704261777+09:00
imports:
- name: github.com/gorilla/websocket
  version: ea4d1f681babbce9545c9c5f3d5194a789c89f5b
- name: github.com/trevex/golem
  version: 8705b20d71c31ef440a815f75585e75fc04cdd76
testImports: []
